
Microsoft Visual Studio Solution File, Format Version 12.00
# Visual Studio 15
VisualStudioVersion = 15.0.28307.572
MinimumVisualStudioVersion = 10.0.40219.1
Project("{8BC9CEB8-8B4A-11D0-8D11-00A0C91BC942}") = "CryptoTest", "CryptoTest\CryptoTest.vcxproj", "{B5818EE3-6AF3-4F8B-A47B-889C01A34F59}"
EndProject
Global
	GlobalSection(SolutionConfigurationPlatforms) = preSolution
		Debug|x64 = Debug|x64
		Debug|x86 = Debug|x86
		Release|x64 = Release|x64
		Release|x86 = Release|x86
	EndGlobalSection
	GlobalSection(ProjectConfigurationPlatforms) = postSolution
		{B5818EE3-6AF3-4F8B-A47B-889C01A34F59}.Debug|x64.ActiveCfg = Debug|x64
		{B5818EE3-6AF3-4F8B-A47B-889C01A34F59}.Debug|x64.Build.0 = Debug|x64
		{B5818EE3-6AF3-4F8B-A47B-889C01A34F59}.Debug|x86.ActiveCfg = Debug|Win32
		{B5818EE3-6AF3-4F8B-A47B-889C01A34F59}.Debug|x86.Build.0 = Debug|Win32
		{B5818EE3-6AF3-4F8B-A47B-889C01A34F59}.Release|x64.ActiveCfg = Release|x64
		{B5818EE3-6AF3-4F8B-A47B-889C01A34F59}.Release|x64.Build.0 = Release|x64
		{B5818EE3-6AF3-4F8B-A47B-889C01A34F59}.Release|x86.ActiveCfg = Release|Win32
		{B5818EE3-6AF3-4F8B-A47B-889C01A34F59}.Release|x86.Build.0 = Release|Win32
	EndGlobalSection
	GlobalSection(SolutionProperties) = preSolution
		HideSolutionNode = FALSE
	EndGlobalSection
	GlobalSection(ExtensibilityGlobals) = postSolution
		SolutionGuid = {0F6D16C5-346F-4643-85F6-E42FC34D124E}
	EndGlobalSection
EndGlobal
